
Microsoft Visual Studio Solution File, Format Version 12.00
# Visual Studio Version 17
VisualStudioVersion = 17.1.31911.260
MinimumVisualStudioVersion = 10.0.40219.1
Project("{FAE04EC0-301F-11D3-BF4B-00C04F79EFBC}") = "MarketingTask", "MarketingTask\MarketingTask.csproj", "{0AB49AEF-14CD-4FC7-8082-021895CF73CC}"
EndProject
Global
	GlobalSection(SolutionConfigurationPlatforms) = preSolution
		Debug|Any CPU = Debug|Any CPU
		Release|Any CPU = Release|Any CPU
	EndGlobalSection
	GlobalSection(ProjectConfigurationPlatforms) = postSolution
		{0AB49AEF-14CD-4FC7-8082-021895CF73CC}.Debug|Any CPU.ActiveCfg = Debug|Any CPU
		{0AB49AEF-14CD-4FC7-8082-021895CF73CC}.Debug|Any CPU.Build.0 = Debug|Any CPU
		{0AB49AEF-14CD-4FC7-8082-021895CF73CC}.Release|Any CPU.ActiveCfg = Release|Any CPU
		{0AB49AEF-14CD-4FC7-8082-021895CF73CC}.Release|Any CPU.Build.0 = Release|Any CPU
	EndGlobalSection
	GlobalSection(SolutionProperties) = preSolution
		HideSolutionNode = FALSE
	EndGlobalSection
	GlobalSection(ExtensibilityGlobals) = postSolution
		SolutionGuid = {6B640B2C-58C6-4524-90CC-BBE84D1DBA12}
	EndGlobalSection
EndGlobal
